// !$*UTF8*$!
{
	archiveVersion = 1;
	classes = {
	};
	objectVersion = 55;
	objects = {

/* Begin PBXBuildFile section */
		073C884D27A33DEC004659D1 /* UserFollowTableViewCell.swift in Sources */ = {isa = PBXBuildFile; fileRef = 073C884C27A33DEC004659D1 /* UserFollowTableViewCell.swift */; };
		073C884F27A3553B004659D1 /* FollowState.swift in Sources */ = {isa = PBXBuildFile; fileRef = 073C884E27A3553B004659D1 /* FollowState.swift */; };
		073C885127A35567004659D1 /* UserRelationship.swift in Sources */ = {isa = PBXBuildFile; fileRef = 073C885027A35567004659D1 /* UserRelationship.swift */; };
		073C885327A35C2A004659D1 /* noNotificationView.swift in Sources */ = {isa = PBXBuildFile; fileRef = 073C885227A35C2A004659D1 /* noNotificationView.swift */; };
		073C885627A8D929004659D1 /* NotificationFollowEventTableViewCell.swift in Sources */ = {isa = PBXBuildFile; fileRef = 073C885527A8D929004659D1 /* NotificationFollowEventTableViewCell.swift */; };
		073C885827A8D937004659D1 /* NotificationLikeEventTableViewCell.swift in Sources */ = {isa = PBXBuildFile; fileRef = 073C885727A8D937004659D1 /* NotificationLikeEventTableViewCell.swift */; };
		073C885A27A98152004659D1 /* UserNotification.swift in Sources */ = {isa = PBXBuildFile; fileRef = 073C885927A98152004659D1 /* UserNotification.swift */; };
		077CE4E62743343800DCC176 /* DatabaseManager.swift in Sources */ = {isa = PBXBuildFile; fileRef = 077CE4E52743343800DCC176 /* DatabaseManager.swift */; };
		077CE4E8274334CF00DCC176 /* AuthManager.swift in Sources */ = {isa = PBXBuildFile; fileRef = 077CE4E7274334CF00DCC176 /* AuthManager.swift */; };
		077CE4EA2743352600DCC176 /* StorageManager.swift in Sources */ = {isa = PBXBuildFile; fileRef = 077CE4E92743352600DCC176 /* StorageManager.swift */; };
		077CE4EC27434F1A00DCC176 /* Extensions.swift in Sources */ = {isa = PBXBuildFile; fileRef = 077CE4EB27434F1A00DCC176 /* Extensions.swift */; };
		077CE4F1274C1DD000DCC176 /* IGFeedPostTableViewCell.swift in Sources */ = {isa = PBXBuildFile; fileRef = 077CE4F0274C1DD000DCC176 /* IGFeedPostTableViewCell.swift */; };
		077CE4F4274C1F3800DCC176 /* IGFeedPostHeaderTableViewCell.swift in Sources */ = {isa = PBXBuildFile; fileRef = 077CE4F3274C1F3800DCC176 /* IGFeedPostHeaderTableViewCell.swift */; };
		077CE4F6274C1F5A00DCC176 /* IGFeedPostActionsTableViewCell.swift in Sources */ = {isa = PBXBuildFile; fileRef = 077CE4F5274C1F5A00DCC176 /* IGFeedPostActionsTableViewCell.swift */; };
		077CE4F8274C1F7A00DCC176 /* IGFeedPostGeneralTableViewCell.swift in Sources */ = {isa = PBXBuildFile; fileRef = 077CE4F7274C1F7A00DCC176 /* IGFeedPostGeneralTableViewCell.swift */; };
		077CE4FA274C3E1E00DCC176 /* FormTableViewCell.swift in Sources */ = {isa = PBXBuildFile; fileRef = 077CE4F9274C3E1E00DCC176 /* FormTableViewCell.swift */; };
		077CE4FD274C6CC900DCC176 /* PhotoCollectionViewCell.swift in Sources */ = {isa = PBXBuildFile; fileRef = 077CE4FC274C6CC900DCC176 /* PhotoCollectionViewCell.swift */; };
		077CE4FF274C6D0300DCC176 /* ProfileInfoHeaderCollectionReusableView.swift in Sources */ = {isa = PBXBuildFile; fileRef = 077CE4FE274C6D0300DCC176 /* ProfileInfoHeaderCollectionReusableView.swift */; };
		077CE501274C6D1D00DCC176 /* ProfileTabsCollectionReusableView.swift in Sources */ = {isa = PBXBuildFile; fileRef = 077CE500274C6D1D00DCC176 /* ProfileTabsCollectionReusableView.swift */; };
		07A87B9927A209CA001EEE75 /* UserModel.swift in Sources */ = {isa = PBXBuildFile; fileRef = 07A87B9827A209CA001EEE75 /* UserModel.swift */; };
		07A87B9B27A20A37001EEE75 /* UserPostModel.swift in Sources */ = {isa = PBXBuildFile; fileRef = 07A87B9A27A20A37001EEE75 /* UserPostModel.swift */; };
		07A87B9D27A20A75001EEE75 /* PostCommentModel.swift in Sources */ = {isa = PBXBuildFile; fileRef = 07A87B9C27A20A75001EEE75 /* PostCommentModel.swift */; };
		07A87B9F27A20A8B001EEE75 /* CommentLikeModel.swift in Sources */ = {isa = PBXBuildFile; fileRef = 07A87B9E27A20A8B001EEE75 /* CommentLikeModel.swift */; };
		07A87BA127A20A9C001EEE75 /* PostLikeModel.swift in Sources */ = {isa = PBXBuildFile; fileRef = 07A87BA027A20A9C001EEE75 /* PostLikeModel.swift */; };
		07A87BA327A20B80001EEE75 /* UserCountModel.swift in Sources */ = {isa = PBXBuildFile; fileRef = 07A87BA227A20B80001EEE75 /* UserCountModel.swift */; };
		07B35D2A2742AD5F00F2E615 /* AppDelegate.swift in Sources */ = {isa = PBXBuildFile; fileRef = 07B35D292742AD5F00F2E615 /* AppDelegate.swift */; };
		07B35D2C2742AD5F00F2E615 /* SceneDelegate.swift in Sources */ = {isa = PBXBuildFile; fileRef = 07B35D2B2742AD5F00F2E615 /* SceneDelegate.swift */; };
		07B35D2E2742AD5F00F2E615 /* HomeViewController.swift in Sources */ = {isa = PBXBuildFile; fileRef = 07B35D2D2742AD5F00F2E615 /* HomeViewController.swift */; };
		07B35D312742AD5F00F2E615 /* Main.storyboard in Resources */ = {isa = PBXBuildFile; fileRef = 07B35D2F2742AD5F00F2E615 /* Main.storyboard */; };
		07B35D332742AD6100F2E615 /* Assets.xcassets in Resources */ = {isa = PBXBuildFile; fileRef = 07B35D322742AD6100F2E615 /* Assets.xcassets */; };
		07B35D362742AD6100F2E615 /* LaunchScreen.storyboard in Resources */ = {isa = PBXBuildFile; fileRef = 07B35D342742AD6100F2E615 /* LaunchScreen.storyboard */; };
		07B35D432742AEBF00F2E615 /* ExploreViewController.swift in Sources */ = {isa = PBXBuildFile; fileRef = 07B35D422742AEBF00F2E615 /* ExploreViewController.swift */; };
		07B35D452742AED500F2E615 /* CameraViewController.swift in Sources */ = {isa = PBXBuildFile; fileRef = 07B35D442742AED500F2E615 /* CameraViewController.swift */; };
		07B35D472742AEE600F2E615 /* NotificationsViewController.swift in Sources */ = {isa = PBXBuildFile; fileRef = 07B35D462742AEE600F2E615 /* NotificationsViewController.swift */; };
		07B35D492742AEF200F2E615 /* ProfileViewController.swift in Sources */ = {isa = PBXBuildFile; fileRef = 07B35D482742AEF200F2E615 /* ProfileViewController.swift */; };
		07B35D4E2742AF5F00F2E615 /* RegistrationViewController.swift in Sources */ = {isa = PBXBuildFile; fileRef = 07B35D4D2742AF5F00F2E615 /* RegistrationViewController.swift */; };
		07B35D502742AF6600F2E615 /* LoginViewController.swift in Sources */ = {isa = PBXBuildFile; fileRef = 07B35D4F2742AF6600F2E615 /* LoginViewController.swift */; };
		07B35D522742AF8500F2E615 /* PostViewController.swift in Sources */ = {isa = PBXBuildFile; fileRef = 07B35D512742AF8500F2E615 /* PostViewController.swift */; };
		07B35D542742AFA100F2E615 /* EditProfileViewController.swift in Sources */ = {isa = PBXBuildFile; fileRef = 07B35D532742AFA100F2E615 /* EditProfileViewController.swift */; };
		07B35D562742AFAA00F2E615 /* SettingsViewController.swift in Sources */ = {isa = PBXBuildFile; fileRef = 07B35D552742AFAA00F2E615 /* SettingsViewController.swift */; };
		07B35D582742AFBA00F2E615 /* ListViewController.swift in Sources */ = {isa = PBXBuildFile; fileRef = 07B35D572742AFBA00F2E615 /* ListViewController.swift */; };
		07B35D5A2742AFCA00F2E615 /* SearchViewController.swift in Sources */ = {isa = PBXBuildFile; fileRef = 07B35D592742AFCA00F2E615 /* SearchViewController.swift */; };
		07B35D5C2742AFDA00F2E615 /* SearchResultViewController.swift in Sources */ = {isa = PBXBuildFile; fileRef = 07B35D5B2742AFDA00F2E615 /* SearchResultViewController.swift */; };
		07B35D5E2742AFFC00F2E615 /* PostEditorViewController.swift in Sources */ = {isa = PBXBuildFile; fileRef = 07B35D5D2742AFFC00F2E615 /* PostEditorViewController.swift */; };
		07B35D602742B00B00F2E615 /* PublishedPostViewController.swift in Sources */ = {isa = PBXBuildFile; fileRef = 07B35D5F2742B00B00F2E615 /* PublishedPostViewController.swift */; };
		07B35D62274326E100F2E615 /* GoogleService-Info.plist in Resources */ = {isa = PBXBuildFile; fileRef = 07B35D61274326E100F2E615 /* GoogleService-Info.plist */; };
		64210DBE0DE7A1E2C66E9A17 /* Pods_InstagramUIKit.framework in Frameworks */ = {isa = PBXBuildFile; fileRef = 521AF1053E6656AB70BB622A /* Pods_InstagramUIKit.framework */; };
/* End PBXBuildFile section */

/* Begin PBXFileReference section */
		073C884C27A33DEC004659D1 /* UserFollowTableViewCell.swift */ = {isa = PBXFileReference; lastKnownFileType = sourcecode.swift; path = UserFollowTableViewCell.swift; sourceTree = "<group>"; };
		073C884E27A3553B004659D1 /* FollowState.swift */ = {isa = PBXFileReference; lastKnownFileType = sourcecode.swift; path = FollowState.swift; sourceTree = "<group>"; };
		073C885027A35567004659D1 /* UserRelationship.swift */ = {isa = PBXFileReference; lastKnownFileType = sourcecode.swift; path = UserRelationship.swift; sourceTree = "<group>"; };
		073C885227A35C2A004659D1 /* noNotificationView.swift */ = {isa = PBXFileReference; lastKnownFileType = sourcecode.swift; path = noNotificationView.swift; sourceTree = "<group>"; };
		073C885527A8D929004659D1 /* NotificationFollowEventTableViewCell.swift */ = {isa = PBXFileReference; lastKnownFileType = sourcecode.swift; path = NotificationFollowEventTableViewCell.swift; sourceTree = "<group>"; };
		073C885727A8D937004659D1 /* NotificationLikeEventTableViewCell.swift */ = {isa = PBXFileReference; lastKnownFileType = sourcecode.swift; path = NotificationLikeEventTableViewCell.swift; sourceTree = "<group>"; };
		073C885927A98152004659D1 /* UserNotification.swift */ = {isa = PBXFileReference; lastKnownFileType = sourcecode.swift; path = UserNotification.swift; sourceTree = "<group>"; };
		077CE4E52743343800DCC176 /* DatabaseManager.swift */ = {isa = PBXFileReference; lastKnownFileType = sourcecode.swift; path = DatabaseManager.swift; sourceTree = "<group>"; };
		077CE4E7274334CF00DCC176 /* AuthManager.swift */ = {isa = PBXFileReference; lastKnownFileType = sourcecode.swift; path = AuthManager.swift; sourceTree = "<group>"; };
		077CE4E92743352600DCC176 /* StorageManager.swift */ = {isa = PBXFileReference; lastKnownFileType = sourcecode.swift; path = StorageManager.swift; sourceTree = "<group>"; };
		077CE4EB27434F1A00DCC176 /* Extensions.swift */ = {isa = PBXFileReference; lastKnownFileType = sourcecode.swift; path = Extensions.swift; sourceTree = "<group>"; };
		077CE4F0274C1DD000DCC176 /* IGFeedPostTableViewCell.swift */ = {isa = PBXFileReference; lastKnownFileType = sourcecode.swift; path = IGFeedPostTableViewCell.swift; sourceTree = "<group>"; };
		077CE4F3274C1F3800DCC176 /* IGFeedPostHeaderTableViewCell.swift */ = {isa = PBXFileReference; lastKnownFileType = sourcecode.swift; path = IGFeedPostHeaderTableViewCell.swift; sourceTree = "<group>"; };
		077CE4F5274C1F5A00DCC176 /* IGFeedPostActionsTableViewCell.swift */ = {isa = PBXFileReference; lastKnownFileType = sourcecode.swift; path = IGFeedPostActionsTableViewCell.swift; sourceTree = "<group>"; };
		077CE4F7274C1F7A00DCC176 /* IGFeedPostGeneralTableViewCell.swift */ = {isa = PBXFileReference; lastKnownFileType = sourcecode.swift; path = IGFeedPostGeneralTableViewCell.swift; sourceTree = "<group>"; };
		077CE4F9274C3E1E00DCC176 /* FormTableViewCell.swift */ = {isa = PBXFileReference; lastKnownFileType = sourcecode.swift; path = FormTableViewCell.swift; sourceTree = "<group>"; };
		077CE4FC274C6CC900DCC176 /* PhotoCollectionViewCell.swift */ = {isa = PBXFileReference; lastKnownFileType = sourcecode.swift; path = PhotoCollectionViewCell.swift; sourceTree = "<group>"; };
		077CE4FE274C6D0300DCC176 /* ProfileInfoHeaderCollectionReusableView.swift */ = {isa = PBXFileReference; lastKnownFileType = sourcecode.swift; path = ProfileInfoHeaderCollectionReusableView.swift; sourceTree = "<group>"; };
		077CE500274C6D1D00DCC176 /* ProfileTabsCollectionReusableView.swift */ = {isa = PBXFileReference; lastKnownFileType = sourcecode.swift; path = ProfileTabsCollectionReusableView.swift; sourceTree = "<group>"; };
		07A87B9827A209CA001EEE75 /* UserModel.swift */ = {isa = PBXFileReference; lastKnownFileType = sourcecode.swift; path = UserModel.swift; sourceTree = "<group>"; };
		07A87B9A27A20A37001EEE75 /* UserPostModel.swift */ = {isa = PBXFileReference; lastKnownFileType = sourcecode.swift; path = UserPostModel.swift; sourceTree = "<group>"; };
		07A87B9C27A20A75001EEE75 /* PostCommentModel.swift */ = {isa = PBXFileReference; lastKnownFileType = sourcecode.swift; path = PostCommentModel.swift; sourceTree = "<group>"; };
		07A87B9E27A20A8B001EEE75 /* CommentLikeModel.swift */ = {isa = PBXFileReference; lastKnownFileType = sourcecode.swift; path = CommentLikeModel.swift; sourceTree = "<group>"; };
		07A87BA027A20A9C001EEE75 /* PostLikeModel.swift */ = {isa = PBXFileReference; lastKnownFileType = sourcecode.swift; path = PostLikeModel.swift; sourceTree = "<group>"; };
		07A87BA227A20B80001EEE75 /* UserCountModel.swift */ = {isa = PBXFileReference; lastKnownFileType = sourcecode.swift; path = UserCountModel.swift; sourceTree = "<group>"; };
		07B35D262742AD5F00F2E615 /* InstagramUIKit.app */ = {isa = PBXFileReference; explicitFileType = wrapper.application; includeInIndex = 0; path = InstagramUIKit.app; sourceTree = BUILT_PRODUCTS_DIR; };
		07B35D292742AD5F00F2E615 /* AppDelegate.swift */ = {isa = PBXFileReference; lastKnownFileType = sourcecode.swift; path = AppDelegate.swift; sourceTree = "<group>"; };
		07B35D2B2742AD5F00F2E615 /* SceneDelegate.swift */ = {isa = PBXFileReference; lastKnownFileType = sourcecode.swift; path = SceneDelegate.swift; sourceTree = "<group>"; };
		07B35D2D2742AD5F00F2E615 /* HomeViewController.swift */ = {isa = PBXFileReference; lastKnownFileType = sourcecode.swift; path = HomeViewController.swift; sourceTree = "<group>"; };
		07B35D302742AD5F00F2E615 /* Base */ = {isa = PBXFileReference; lastKnownFileType = file.storyboard; name = Base; path = Base.lproj/Main.storyboard; sourceTree = "<group>"; };
		07B35D322742AD6100F2E615 /* Assets.xcassets */ = {isa = PBXFileReference; lastKnownFileType = folder.assetcatalog; path = Assets.xcassets; sourceTree = "<group>"; };
		07B35D352742AD6100F2E615 /* Base */ = {isa = PBXFileReference; lastKnownFileType = file.storyboard; name = Base; path = Base.lproj/LaunchScreen.storyboard; sourceTree = "<group>"; };
		07B35D372742AD6100F2E615 /* Info.plist */ = {isa = PBXFileReference; lastKnownFileType = text.plist.xml; path = Info.plist; sourceTree = "<group>"; };
		07B35D422742AEBF00F2E615 /* ExploreViewController.swift */ = {isa = PBXFileReference; lastKnownFileType = sourcecode.swift; path = ExploreViewController.swift; sourceTree = "<group>"; };
		07B35D442742AED500F2E615 /* CameraViewController.swift */ = {isa = PBXFileReference; lastKnownFileType = sourcecode.swift; path = CameraViewController.swift; sourceTree = "<group>"; };
		07B35D462742AEE600F2E615 /* NotificationsViewController.swift */ = {isa = PBXFileReference; lastKnownFileType = sourcecode.swift; path = NotificationsViewController.swift; sourceTree = "<group>"; };
		07B35D482742AEF200F2E615 /* ProfileViewController.swift */ = {isa = PBXFileReference; lastKnownFileType = sourcecode.swift; path = ProfileViewController.swift; sourceTree = "<group>"; };
		07B35D4D2742AF5F00F2E615 /* RegistrationViewController.swift */ = {isa = PBXFileReference; lastKnownFileType = sourcecode.swift; path = RegistrationViewController.swift; sourceTree = "<group>"; };
		07B35D4F2742AF6600F2E615 /* LoginViewController.swift */ = {isa = PBXFileReference; lastKnownFileType = sourcecode.swift; path = LoginViewController.swift; sourceTree = "<group>"; };
		07B35D512742AF8500F2E615 /* PostViewController.swift */ = {isa = PBXFileReference; lastKnownFileType = sourcecode.swift; path = PostViewController.swift; sourceTree = "<group>"; };
		07B35D532742AFA100F2E615 /* EditProfileViewController.swift */ = {isa = PBXFileReference; lastKnownFileType = sourcecode.swift; path = EditProfileViewController.swift; sourceTree = "<group>"; };
		07B35D552742AFAA00F2E615 /* SettingsViewController.swift */ = {isa = PBXFileReference; lastKnownFileType = sourcecode.swift; path = SettingsViewController.swift; sourceTree = "<group>"; };
		07B35D572742AFBA00F2E615 /* ListViewController.swift */ = {isa = PBXFileReference; lastKnownFileType = sourcecode.swift; path = ListViewController.swift; sourceTree = "<group>"; };
		07B35D592742AFCA00F2E615 /* SearchViewController.swift */ = {isa = PBXFileReference; lastKnownFileType = sourcecode.swift; path = SearchViewController.swift; sourceTree = "<group>"; };
		07B35D5B2742AFDA00F2E615 /* SearchResultViewController.swift */ = {isa = PBXFileReference; lastKnownFileType = sourcecode.swift; path = SearchResultViewController.swift; sourceTree = "<group>"; };
		07B35D5D2742AFFC00F2E615 /* PostEditorViewController.swift */ = {isa = PBXFileReference; lastKnownFileType = sourcecode.swift; path = PostEditorViewController.swift; sourceTree = "<group>"; };
		07B35D5F2742B00B00F2E615 /* PublishedPostViewController.swift */ = {isa = PBXFileReference; lastKnownFileType = sourcecode.swift; path = PublishedPostViewController.swift; sourceTree = "<group>"; };
		07B35D61274326E100F2E615 /* GoogleService-Info.plist */ = {isa = PBXFileReference; fileEncoding = 4; lastKnownFileType = text.plist.xml; path = "GoogleService-Info.plist"; sourceTree = "<group>"; };
		1878A232E58FB22842E39C94 /* Pods-InstagramUIKit.debug.xcconfig */ = {isa = PBXFileReference; includeInIndex = 1; lastKnownFileType = text.xcconfig; name = "Pods-InstagramUIKit.debug.xcconfig"; path = "Target Support Files/Pods-InstagramUIKit/Pods-InstagramUIKit.debug.xcconfig"; sourceTree = "<group>"; };
		521AF1053E6656AB70BB622A /* Pods_InstagramUIKit.framework */ = {isa = PBXFileReference; explicitFileType = wrapper.framework; includeInIndex = 0; path = Pods_InstagramUIKit.framework; sourceTree = BUILT_PRODUCTS_DIR; };
		E3BD63BC4082DEBCA3938870 /* Pods-InstagramUIKit.release.xcconfig */ = {isa = PBXFileReference; includeInIndex = 1; lastKnownFileType = text.xcconfig; name = "Pods-InstagramUIKit.release.xcconfig"; path = "Target Support Files/Pods-InstagramUIKit/Pods-InstagramUIKit.release.xcconfig"; sourceTree = "<group>"; };
/* End PBXFileReference section */

/* Begin PBXFrameworksBuildPhase section */
		07B35D232742AD5F00F2E615 /* Frameworks */ = {
			isa = PBXFrameworksBuildPhase;
			buildActionMask = 2147483647;
			files = (
				64210DBE0DE7A1E2C66E9A17 /* Pods_InstagramUIKit.framework in Frameworks */,
			);
			runOnlyForDeploymentPostprocessing = 0;
		};
/* End PBXFrameworksBuildPhase section */

/* Begin PBXGroup section */
		073C885427A8D8FB004659D1 /* Notifications */ = {
			isa = PBXGroup;
			children = (
				073C885527A8D929004659D1 /* NotificationFollowEventTableViewCell.swift */,
				073C885727A8D937004659D1 /* NotificationLikeEventTableViewCell.swift */,
			);
			path = Notifications;
			sourceTree = "<group>";
		};
		077CE4E42743318300DCC176 /* General */ = {
			isa = PBXGroup;
			children = (
				07B35D512742AF8500F2E615 /* PostViewController.swift */,
				07B35D532742AFA100F2E615 /* EditProfileViewController.swift */,
				07B35D552742AFAA00F2E615 /* SettingsViewController.swift */,
				07B35D572742AFBA00F2E615 /* ListViewController.swift */,
				07B35D592742AFCA00F2E615 /* SearchViewController.swift */,
				07B35D5B2742AFDA00F2E615 /* SearchResultViewController.swift */,
				07B35D5D2742AFFC00F2E615 /* PostEditorViewController.swift */,
				07B35D5F2742B00B00F2E615 /* PublishedPostViewController.swift */,
			);
			path = General;
			sourceTree = "<group>";
		};
		077CE4ED274C1D9600DCC176 /* Cells */ = {
			isa = PBXGroup;
			children = (
				073C885427A8D8FB004659D1 /* Notifications */,
				077CE4F2274C1F1500DCC176 /* Home Feed */,
				077CE4F9274C3E1E00DCC176 /* FormTableViewCell.swift */,
				077CE4FC274C6CC900DCC176 /* PhotoCollectionViewCell.swift */,
				073C884C27A33DEC004659D1 /* UserFollowTableViewCell.swift */,
			);
			path = Cells;
			sourceTree = "<group>";
		};
		077CE4F2274C1F1500DCC176 /* Home Feed */ = {
			isa = PBXGroup;
			children = (
				077CE4F0274C1DD000DCC176 /* IGFeedPostTableViewCell.swift */,
				077CE4F3274C1F3800DCC176 /* IGFeedPostHeaderTableViewCell.swift */,
				077CE4F5274C1F5A00DCC176 /* IGFeedPostActionsTableViewCell.swift */,
				077CE4F7274C1F7A00DCC176 /* IGFeedPostGeneralTableViewCell.swift */,
			);
			path = "Home Feed";
			sourceTree = "<group>";
		};
		077CE4FB274C6C9200DCC176 /* CollectionView Headers */ = {
			isa = PBXGroup;
			children = (
				077CE4FE274C6D0300DCC176 /* ProfileInfoHeaderCollectionReusableView.swift */,
				077CE500274C6D1D00DCC176 /* ProfileTabsCollectionReusableView.swift */,
			);
			path = "CollectionView Headers";
			sourceTree = "<group>";
		};
		07B35D1D2742AD5F00F2E615 = {
			isa = PBXGroup;
			children = (
				07B35D282742AD5F00F2E615 /* InstagramUIKit */,
				07B35D272742AD5F00F2E615 /* Products */,
				B1E6478AB14EE5B870A28F4B /* Pods */,
				4FD46C5FE051C70967D4F28F /* Frameworks */,
			);
			sourceTree = "<group>";
		};
		07B35D272742AD5F00F2E615 /* Products */ = {
			isa = PBXGroup;
			children = (
				07B35D262742AD5F00F2E615 /* InstagramUIKit.app */,
			);
			name = Products;
			sourceTree = "<group>";
		};
		07B35D282742AD5F00F2E615 /* InstagramUIKit */ = {
			isa = PBXGroup;
			children = (
				07B35D61274326E100F2E615 /* GoogleService-Info.plist */,
				07B35D402742ADA100F2E615 /* Views */,
				07B35D3F2742AD9900F2E615 /* Resources */,
				07B35D3E2742AD8F00F2E615 /* Models */,
				07B35D3D2742AD8100F2E615 /* Controllers */,
				07B35D372742AD6100F2E615 /* Info.plist */,
			);
			path = InstagramUIKit;
			sourceTree = "<group>";
		};
		07B35D3D2742AD8100F2E615 /* Controllers */ = {
			isa = PBXGroup;
			children = (
				07B35D4C2742AF4200F2E615 /* Other */,
				07B35D4A2742AF0500F2E615 /* Core Tabs */,
			);
			path = Controllers;
			sourceTree = "<group>";
		};
		07B35D3E2742AD8F00F2E615 /* Models */ = {
			isa = PBXGroup;
			children = (
				07A87B9827A209CA001EEE75 /* UserModel.swift */,
				07A87B9A27A20A37001EEE75 /* UserPostModel.swift */,
				07A87B9C27A20A75001EEE75 /* PostCommentModel.swift */,
				07A87B9E27A20A8B001EEE75 /* CommentLikeModel.swift */,
				07A87BA027A20A9C001EEE75 /* PostLikeModel.swift */,
				07A87BA227A20B80001EEE75 /* UserCountModel.swift */,
				073C884E27A3553B004659D1 /* FollowState.swift */,
				073C885027A35567004659D1 /* UserRelationship.swift */,
				073C885927A98152004659D1 /* UserNotification.swift */,
			);
			path = Models;
			sourceTree = "<group>";
		};
		07B35D3F2742AD9900F2E615 /* Resources */ = {
			isa = PBXGroup;
			children = (
				07B35D292742AD5F00F2E615 /* AppDelegate.swift */,
				07B35D2B2742AD5F00F2E615 /* SceneDelegate.swift */,
				077CE4E52743343800DCC176 /* DatabaseManager.swift */,
				077CE4E92743352600DCC176 /* StorageManager.swift */,
				077CE4E7274334CF00DCC176 /* AuthManager.swift */,
				077CE4EB27434F1A00DCC176 /* Extensions.swift */,
			);
			path = Resources;
			sourceTree = "<group>";
		};
		07B35D402742ADA100F2E615 /* Views */ = {
			isa = PBXGroup;
			children = (
				077CE4FB274C6C9200DCC176 /* CollectionView Headers */,
				077CE4ED274C1D9600DCC176 /* Cells */,
				07B35D412742AE5E00F2E615 /* Storyboards */,
				07B35D322742AD6100F2E615 /* Assets.xcassets */,
				073C885227A35C2A004659D1 /* noNotificationView.swift */,
			);
			path = Views;
			sourceTree = "<group>";
		};
		07B35D412742AE5E00F2E615 /* Storyboards */ = {
			isa = PBXGroup;
			children = (
				07B35D2F2742AD5F00F2E615 /* Main.storyboard */,
				07B35D342742AD6100F2E615 /* LaunchScreen.storyboard */,
			);
			path = Storyboards;
			sourceTree = "<group>";
		};
		07B35D4A2742AF0500F2E615 /* Core Tabs */ = {
			isa = PBXGroup;
			children = (
				07B35D2D2742AD5F00F2E615 /* HomeViewController.swift */,
				07B35D422742AEBF00F2E615 /* ExploreViewController.swift */,
				07B35D442742AED500F2E615 /* CameraViewController.swift */,
				07B35D462742AEE600F2E615 /* NotificationsViewController.swift */,
				07B35D482742AEF200F2E615 /* ProfileViewController.swift */,
			);
			path = "Core Tabs";
			sourceTree = "<group>";
		};
		07B35D4B2742AF3900F2E615 /* Onboarding */ = {
			isa = PBXGroup;
			children = (
				07B35D4D2742AF5F00F2E615 /* RegistrationViewController.swift */,
				07B35D4F2742AF6600F2E615 /* LoginViewController.swift */,
			);
			path = Onboarding;
			sourceTree = "<group>";
		};
		07B35D4C2742AF4200F2E615 /* Other */ = {
			isa = PBXGroup;
			children = (
				07B35D4B2742AF3900F2E615 /* Onboarding */,
				077CE4E42743318300DCC176 /* General */,
			);
			path = Other;
			sourceTree = "<group>";
		};
		4FD46C5FE051C70967D4F28F /* Frameworks */ = {
			isa = PBXGroup;
			children = (
				521AF1053E6656AB70BB622A /* Pods_InstagramUIKit.framework */,
			);
			name = Frameworks;
			sourceTree = "<group>";
		};
		B1E6478AB14EE5B870A28F4B /* Pods */ = {
			isa = PBXGroup;
			children = (
				1878A232E58FB22842E39C94 /* Pods-InstagramUIKit.debug.xcconfig */,
				E3BD63BC4082DEBCA3938870 /* Pods-InstagramUIKit.release.xcconfig */,
			);
			path = Pods;
			sourceTree = "<group>";
		};
/* End PBXGroup section */

/* Begin PBXNativeTarget section */
		07B35D252742AD5F00F2E615 /* InstagramUIKit */ = {
			isa = PBXNativeTarget;
			buildConfigurationList = 07B35D3A2742AD6100F2E615 /* Build configuration list for PBXNativeTarget "InstagramUIKit" */;
			buildPhases = (
				D799EDD78EEC05BB9D8E9CD2 /* [CP] Check Pods Manifest.lock */,
				07B35D222742AD5F00F2E615 /* Sources */,
				07B35D232742AD5F00F2E615 /* Frameworks */,
				07B35D242742AD5F00F2E615 /* Resources */,
				FC5F3ECF7AF4AC7BD2A429DD /* [CP] Embed Pods Frameworks */,
			);
			buildRules = (
			);
			dependencies = (
			);
			name = InstagramUIKit;
			productName = InstagramUIKit;
			productReference = 07B35D262742AD5F00F2E615 /* InstagramUIKit.app */;
			productType = "com.apple.product-type.application";
		};
/* End PBXNativeTarget section */

/* Begin PBXProject section */
		07B35D1E2742AD5F00F2E615 /* Project object */ = {
			isa = PBXProject;
			attributes = {
				BuildIndependentTargetsInParallel = 1;
				LastSwiftUpdateCheck = 1310;
				LastUpgradeCheck = 1310;
				TargetAttributes = {
					07B35D252742AD5F00F2E615 = {
						CreatedOnToolsVersion = 13.1;
					};
				};
			};
			buildConfigurationList = 07B35D212742AD5F00F2E615 /* Build configuration list for PBXProject "InstagramUIKit" */;
			compatibilityVersion = "Xcode 13.0";
			developmentRegion = en;
			hasScannedForEncodings = 0;
			knownRegions = (
				en,
				Base,
			);
			mainGroup = 07B35D1D2742AD5F00F2E615;
			productRefGroup = 07B35D272742AD5F00F2E615 /* Products */;
			projectDirPath = "";
			projectRoot = "";
			targets = (
				07B35D252742AD5F00F2E615 /* InstagramUIKit */,
			);
		};
/* End PBXProject section */

/* Begin PBXResourcesBuildPhase section */
		07B35D242742AD5F00F2E615 /* Resources */ = {
			isa = PBXResourcesBuildPhase;
			buildActionMask = 2147483647;
			files = (
				07B35D362742AD6100F2E615 /* LaunchScreen.storyboard in Resources */,
				07B35D62274326E100F2E615 /* GoogleService-Info.plist in Resources */,
				07B35D332742AD6100F2E615 /* Assets.xcassets in Resources */,
				07B35D312742AD5F00F2E615 /* Main.storyboard in Resources */,
			);
			runOnlyForDeploymentPostprocessing = 0;
		};
/* End PBXResourcesBuildPhase section */

/* Begin PBXShellScriptBuildPhase section */
		D799EDD78EEC05BB9D8E9CD2 /* [CP] Check Pods Manifest.lock */ = {
			isa = PBXShellScriptBuildPhase;
			buildActionMask = 2147483647;
			files = (
			);
			inputFileListPaths = (
			);
			inputPaths = (
				"${PODS_PODFILE_DIR_PATH}/Podfile.lock",
				"${PODS_ROOT}/Manifest.lock",
			);
			name = "[CP] Check Pods Manifest.lock";
			outputFileListPaths = (
			);
			outputPaths = (
				"$(DERIVED_FILE_DIR)/Pods-InstagramUIKit-checkManifestLockResult.txt",
			);
			runOnlyForDeploymentPostprocessing = 0;
			shellPath = /bin/sh;
			shellScript = "diff \"${PODS_PODFILE_DIR_PATH}/Podfile.lock\" \"${PODS_ROOT}/Manifest.lock\" > /dev/null\nif [ $? != 0 ] ; then\n    # print error to STDERR\n    echo \"error: The sandbox is not in sync with the Podfile.lock. Run 'pod install' or update your CocoaPods installation.\" >&2\n    exit 1\nfi\n# This output is used by Xcode 'outputs' to avoid re-running this script phase.\necho \"SUCCESS\" > \"${SCRIPT_OUTPUT_FILE_0}\"\n";
			showEnvVarsInLog = 0;
		};
		FC5F3ECF7AF4AC7BD2A429DD /* [CP] Embed Pods Frameworks */ = {
			isa = PBXShellScriptBuildPhase;
			buildActionMask = 2147483647;
			files = (
			);
			inputFileListPaths = (
				"${PODS_ROOT}/Target Support Files/Pods-InstagramUIKit/Pods-InstagramUIKit-frameworks-${CONFIGURATION}-input-files.xcfilelist",
			);
			name = "[CP] Embed Pods Frameworks";
			outputFileListPaths = (
				"${PODS_ROOT}/Target Support Files/Pods-InstagramUIKit/Pods-InstagramUIKit-frameworks-${CONFIGURATION}-output-files.xcfilelist",
			);
			runOnlyForDeploymentPostprocessing = 0;
			shellPath = /bin/sh;
			shellScript = "\"${PODS_ROOT}/Target Support Files/Pods-InstagramUIKit/Pods-InstagramUIKit-frameworks.sh\"\n";
			showEnvVarsInLog = 0;
		};
/* End PBXShellScriptBuildPhase section */

/* Begin PBXSourcesBuildPhase section */
		07B35D222742AD5F00F2E615 /* Sources */ = {
			isa = PBXSourcesBuildPhase;
			buildActionMask = 2147483647;
			files = (
				07B35D542742AFA100F2E615 /* EditProfileViewController.swift in Sources */,
				073C884F27A3553B004659D1 /* FollowState.swift in Sources */,
				07B35D502742AF6600F2E615 /* LoginViewController.swift in Sources */,
				07B35D432742AEBF00F2E615 /* ExploreViewController.swift in Sources */,
				073C885327A35C2A004659D1 /* noNotificationView.swift in Sources */,
				073C885827A8D937004659D1 /* NotificationLikeEventTableViewCell.swift in Sources */,
				07B35D452742AED500F2E615 /* CameraViewController.swift in Sources */,
				07B35D4E2742AF5F00F2E615 /* RegistrationViewController.swift in Sources */,
				07B35D5E2742AFFC00F2E615 /* PostEditorViewController.swift in Sources */,
				07A87B9F27A20A8B001EEE75 /* CommentLikeModel.swift in Sources */,
				07B35D522742AF8500F2E615 /* PostViewController.swift in Sources */,
				077CE4EA2743352600DCC176 /* StorageManager.swift in Sources */,
				073C884D27A33DEC004659D1 /* UserFollowTableViewCell.swift in Sources */,
				07B35D2E2742AD5F00F2E615 /* HomeViewController.swift in Sources */,
				077CE4FA274C3E1E00DCC176 /* FormTableViewCell.swift in Sources */,
				077CE4E62743343800DCC176 /* DatabaseManager.swift in Sources */,
				077CE501274C6D1D00DCC176 /* ProfileTabsCollectionReusableView.swift in Sources */,
				07B35D5C2742AFDA00F2E615 /* SearchResultViewController.swift in Sources */,
				077CE4F1274C1DD000DCC176 /* IGFeedPostTableViewCell.swift in Sources */,
				07A87B9B27A20A37001EEE75 /* UserPostModel.swift in Sources */,
				07B35D472742AEE600F2E615 /* NotificationsViewController.swift in Sources */,
				073C885627A8D929004659D1 /* NotificationFollowEventTableViewCell.swift in Sources */,
				077CE4FD274C6CC900DCC176 /* PhotoCollectionViewCell.swift in Sources */,
				07B35D5A2742AFCA00F2E615 /* SearchViewController.swift in Sources */,
				077CE4EC27434F1A00DCC176 /* Extensions.swift in Sources */,
				073C885127A35567004659D1 /* UserRelationship.swift in Sources */,
				077CE4F4274C1F3800DCC176 /* IGFeedPostHeaderTableViewCell.swift in Sources */,
				07A87BA327A20B80001EEE75 /* UserCountModel.swift in Sources */,
				077CE4F8274C1F7A00DCC176 /* IGFeedPostGeneralTableViewCell.swift in Sources */,
				073C885A27A98152004659D1 /* UserNotification.swift in Sources */,
				07B35D492742AEF200F2E615 /* ProfileViewController.swift in Sources */,
				077CE4FF274C6D0300DCC176 /* ProfileInfoHeaderCollectionReusableView.swift in Sources */,
				07B35D2A2742AD5F00F2E615 /* AppDelegate.swift in Sources */,
				077CE4E8274334CF00DCC176 /* AuthManager.swift in Sources */,
				07B35D2C2742AD5F00F2E615 /* SceneDelegate.swift in Sources */,
				07B35D602742B00B00F2E615 /* PublishedPostViewController.swift in Sources */,
				07A87B9D27A20A75001EEE75 /* PostCommentModel.swift in Sources */,
				077CE4F6274C1F5A00DCC176 /* IGFeedPostActionsTableViewCell.swift in Sources */,
				07B35D582742AFBA00F2E615 /* ListViewController.swift in Sources */,
				07A87B9927A209CA001EEE75 /* UserModel.swift in Sources */,
				07A87BA127A20A9C001EEE75 /* PostLikeModel.swift in Sources */,
				07B35D562742AFAA00F2E615 /* SettingsViewController.swift in Sources */,
			);
			runOnlyForDeploymentPostprocessing = 0;
		};
/* End PBXSourcesBuildPhase section */

/* Begin PBXVariantGroup section */
		07B35D2F2742AD5F00F2E615 /* Main.storyboard */ = {
			isa = PBXVariantGroup;
			children = (
				07B35D302742AD5F00F2E615 /* Base */,
			);
			name = Main.storyboard;
			sourceTree = "<group>";
		};
		07B35D342742AD6100F2E615 /* LaunchScreen.storyboard */ = {
			isa = PBXVariantGroup;
			children = (
				07B35D352742AD6100F2E615 /* Base */,
			);
			name = LaunchScreen.storyboard;
			sourceTree = "<group>";
		};
/* End PBXVariantGroup section */

/* Begin XCBuildConfiguration section */
		07B35D382742AD6100F2E615 /* Debug */ = {
			isa = XCBuildConfiguration;
			buildSettings = {
				ALWAYS_SEARCH_USER_PATHS = NO;
				CLANG_ANALYZER_NONNULL = YES;
				CLANG_ANALYZER_NUMBER_OBJECT_CONVERSION = YES_AGGRESSIVE;
				CLANG_CXX_LANGUAGE_STANDARD = "gnu++17";
				CLANG_CXX_LIBRARY = "libc++";
				CLANG_ENABLE_MODULES = YES;
				CLANG_ENABLE_OBJC_ARC = YES;
				CLANG_ENABLE_OBJC_WEAK = YES;
				CLANG_WARN_BLOCK_CAPTURE_AUTORELEASING = YES;
				CLANG_WARN_BOOL_CONVERSION = YES;
				CLANG_WARN_COMMA = YES;
				CLANG_WARN_CONSTANT_CONVERSION = YES;
				CLANG_WARN_DEPRECATED_OBJC_IMPLEMENTATIONS = YES;
				CLANG_WARN_DIRECT_OBJC_ISA_USAGE = YES_ERROR;
				CLANG_WARN_DOCUMENTATION_COMMENTS = YES;
				CLANG_WARN_EMPTY_BODY = YES;
				CLANG_WARN_ENUM_CONVERSION = YES;
				CLANG_WARN_INFINITE_RECURSION = YES;
				CLANG_WARN_INT_CONVERSION = YES;
				CLANG_WARN_NON_LITERAL_NULL_CONVERSION = YES;
				CLANG_WARN_OBJC_IMPLICIT_RETAIN_SELF = YES;
				CLANG_WARN_OBJC_LITERAL_CONVERSION = YES;
				CLANG_WARN_OBJC_ROOT_CLASS = YES_ERROR;
				CLANG_WARN_QUOTED_INCLUDE_IN_FRAMEWORK_HEADER = YES;
				CLANG_WARN_RANGE_LOOP_ANALYSIS = YES;
				CLANG_WARN_STRICT_PROTOTYPES = YES;
				CLANG_WARN_SUSPICIOUS_MOVE = YES;
				CLANG_WARN_UNGUARDED_AVAILABILITY = YES_AGGRESSIVE;
				CLANG_WARN_UNREACHABLE_CODE = YES;
				CLANG_WARN__DUPLICATE_METHOD_MATCH = YES;
				COPY_PHASE_STRIP = NO;
				DEBUG_INFORMATION_FORMAT = dwarf;
				ENABLE_STRICT_OBJC_MSGSEND = YES;
				ENABLE_TESTABILITY = YES;
				GCC_C_LANGUAGE_STANDARD = gnu11;
				GCC_DYNAMIC_NO_PIC = NO;
				GCC_NO_COMMON_BLOCKS = YES;
				GCC_OPTIMIZATION_LEVEL = 0;
				GCC_PREPROCESSOR_DEFINITIONS = (
					"DEBUG=1",
					"$(inherited)",
				);
				GCC_WARN_64_TO_32_BIT_CONVERSION = YES;
				GCC_WARN_ABOUT_RETURN_TYPE = YES_ERROR;
				GCC_WARN_UNDECLARED_SELECTOR = YES;
				GCC_WARN_UNINITIALIZED_AUTOS = YES_AGGRESSIVE;
				GCC_WARN_UNUSED_FUNCTION = YES;
				GCC_WARN_UNUSED_VARIABLE = YES;
				IPHONEOS_DEPLOYMENT_TARGET = 15.0;
				MTL_ENABLE_DEBUG_INFO = INCLUDE_SOURCE;
				MTL_FAST_MATH = YES;
				ONLY_ACTIVE_ARCH = YES;
				SDKROOT = iphoneos;
				SWIFT_ACTIVE_COMPILATION_CONDITIONS = DEBUG;
				SWIFT_OPTIMIZATION_LEVEL = "-Onone";
			};
			name = Debug;
		};
		07B35D392742AD6100F2E615 /* Release */ = {
			isa = XCBuildConfiguration;
			buildSettings = {
				ALWAYS_SEARCH_USER_PATHS = NO;
				CLANG_ANALYZER_NONNULL = YES;
				CLANG_ANALYZER_NUMBER_OBJECT_CONVERSION = YES_AGGRESSIVE;
				CLANG_CXX_LANGUAGE_STANDARD = "gnu++17";
				CLANG_CXX_LIBRARY = "libc++";
				CLANG_ENABLE_MODULES = YES;
				CLANG_ENABLE_OBJC_ARC = YES;
				CLANG_ENABLE_OBJC_WEAK = YES;
				CLANG_WARN_BLOCK_CAPTURE_AUTORELEASING = YES;
				CLANG_WARN_BOOL_CONVERSION = YES;
				CLANG_WARN_COMMA = YES;
				CLANG_WARN_CONSTANT_CONVERSION = YES;
				CLANG_WARN_DEPRECATED_OBJC_IMPLEMENTATIONS = YES;
				CLANG_WARN_DIRECT_OBJC_ISA_USAGE = YES_ERROR;
				CLANG_WARN_DOCUMENTATION_COMMENTS = YES;
				CLANG_WARN_EMPTY_BODY = YES;
				CLANG_WARN_ENUM_CONVERSION = YES;
				CLANG_WARN_INFINITE_RECURSION = YES;
				CLANG_WARN_INT_CONVERSION = YES;
				CLANG_WARN_NON_LITERAL_NULL_CONVERSION = YES;
				CLANG_WARN_OBJC_IMPLICIT_RETAIN_SELF = YES;
				CLANG_WARN_OBJC_LITERAL_CONVERSION = YES;
				CLANG_WARN_OBJC_ROOT_CLASS = YES_ERROR;
				CLANG_WARN_QUOTED_INCLUDE_IN_FRAMEWORK_HEADER = YES;
				CLANG_WARN_RANGE_LOOP_ANALYSIS = YES;
				CLANG_WARN_STRICT_PROTOTYPES = YES;
				CLANG_WARN_SUSPICIOUS_MOVE = YES;
				CLANG_WARN_UNGUARDED_AVAILABILITY = YES_AGGRESSIVE;
				CLANG_WARN_UNREACHABLE_CODE = YES;
				CLANG_WARN__DUPLICATE_METHOD_MATCH = YES;
				COPY_PHASE_STRIP = NO;
				DEBUG_INFORMATION_FORMAT = "dwarf-with-dsym";
				ENABLE_NS_ASSERTIONS = NO;
				ENABLE_STRICT_OBJC_MSGSEND = YES;
				GCC_C_LANGUAGE_STANDARD = gnu11;
				GCC_NO_COMMON_BLOCKS = YES;
				GCC_WARN_64_TO_32_BIT_CONVERSION = YES;
				GCC_WARN_ABOUT_RETURN_TYPE = YES_ERROR;
				GCC_WARN_UNDECLARED_SELECTOR = YES;
				GCC_WARN_UNINITIALIZED_AUTOS = YES_AGGRESSIVE;
				GCC_WARN_UNUSED_FUNCTION = YES;
				GCC_WARN_UNUSED_VARIABLE = YES;
				IPHONEOS_DEPLOYMENT_TARGET = 15.0;
				MTL_ENABLE_DEBUG_INFO = NO;
				MTL_FAST_MATH = YES;
				SDKROOT = iphoneos;
				SWIFT_COMPILATION_MODE = wholemodule;
				SWIFT_OPTIMIZATION_LEVEL = "-O";
				VALIDATE_PRODUCT = YES;
			};
			name = Release;
		};
		07B35D3B2742AD6100F2E615 /* Debug */ = {
			isa = XCBuildConfiguration;
			baseConfigurationReference = 1878A232E58FB22842E39C94 /* Pods-InstagramUIKit.debug.xcconfig */;
			buildSettings = {
				ASSETCATALOG_COMPILER_APPICON_NAME = AppIcon;
				ASSETCATALOG_COMPILER_GLOBAL_ACCENT_COLOR_NAME = AccentColor;
				CODE_SIGN_STYLE = Automatic;
				CURRENT_PROJECT_VERSION = 1;
				DEVELOPMENT_TEAM = R4UZ2G5NDA;
				GENERATE_INFOPLIST_FILE = YES;
				INFOPLIST_FILE = InstagramUIKit/Info.plist;
				INFOPLIST_KEY_UIApplicationSupportsIndirectInputEvents = YES;
				INFOPLIST_KEY_UILaunchStoryboardName = LaunchScreen;
				INFOPLIST_KEY_UIMainStoryboardFile = Main;
				INFOPLIST_KEY_UISupportedInterfaceOrientations = UIInterfaceOrientationPortrait;
				INFOPLIST_KEY_UISupportedInterfaceOrientations_iPad = "UIInterfaceOrientationPortrait UIInterfaceOrientationPortraitUpsideDown UIInterfaceOrientationLandscapeLeft UIInterfaceOrientationLandscapeRight";
				INFOPLIST_KEY_UISupportedInterfaceOrientations_iPhone = "UIInterfaceOrientationPortrait UIInterfaceOrientationLandscapeLeft UIInterfaceOrientationLandscapeRight";
				LD_RUNPATH_SEARCH_PATHS = (
					"$(inherited)",
					"@executable_path/Frameworks",
				);
				MARKETING_VERSION = 1.0;
				PRODUCT_BUNDLE_IDENTIFIER = com.morales.InstagramUIKit;
				PRODUCT_NAME = "$(TARGET_NAME)";
				SWIFT_EMIT_LOC_STRINGS = YES;
				SWIFT_VERSION = 5.0;
				TARGETED_DEVICE_FAMILY = "1,2";
			};
			name = Debug;
		};
		07B35D3C2742AD6100F2E615 /* Release */ = {
			isa = XCBuildConfiguration;
			baseConfigurationReference = E3BD63BC4082DEBCA3938870 /* Pods-InstagramUIKit.release.xcconfig */;
			buildSettings = {
				ASSETCATALOG_COMPILER_APPICON_NAME = AppIcon;
				ASSETCATALOG_COMPILER_GLOBAL_ACCENT_COLOR_NAME = AccentColor;
				CODE_SIGN_STYLE = Automatic;
				CURRENT_PROJECT_VERSION = 1;
				DEVELOPMENT_TEAM = R4UZ2G5NDA;
				GENERATE_INFOPLIST_FILE = YES;
				INFOPLIST_FILE = InstagramUIKit/Info.plist;
				INFOPLIST_KEY_UIApplicationSupportsIndirectInputEvents = YES;
				INFOPLIST_KEY_UILaunchStoryboardName = LaunchScreen;
				INFOPLIST_KEY_UIMainStoryboardFile = Main;
				INFOPLIST_KEY_UISupportedInterfaceOrientations = UIInterfaceOrientationPortrait;
				INFOPLIST_KEY_UISupportedInterfaceOrientations_iPad = "UIInterfaceOrientationPortrait UIInterfaceOrientationPortraitUpsideDown UIInterfaceOrientationLandscapeLeft UIInterfaceOrientationLandscapeRight";
				INFOPLIST_KEY_UISupportedInterfaceOrientations_iPhone = "UIInterfaceOrientationPortrait UIInterfaceOrientationLandscapeLeft UIInterfaceOrientationLandscapeRight";
				LD_RUNPATH_SEARCH_PATHS = (
					"$(inherited)",
					"@executable_path/Frameworks",
				);
				MARKETING_VERSION = 1.0;
				PRODUCT_BUNDLE_IDENTIFIER = com.morales.InstagramUIKit;
				PRODUCT_NAME = "$(TARGET_NAME)";
				SWIFT_EMIT_LOC_STRINGS = YES;
				SWIFT_VERSION = 5.0;
				TARGETED_DEVICE_FAMILY = "1,2";
			};
			name = Release;
		};
/* End XCBuildConfiguration section */

/* Begin XCConfigurationList section */
		07B35D212742AD5F00F2E615 /* Build configuration list for PBXProject "InstagramUIKit" */ = {
			isa = XCConfigurationList;
			buildConfigurations = (
				07B35D382742AD6100F2E615 /* Debug */,
				07B35D392742AD6100F2E615 /* Release */,
			);
			defaultConfigurationIsVisible = 0;
			defaultConfigurationName = Release;
		};
		07B35D3A2742AD6100F2E615 /* Build configuration list for PBXNativeTarget "InstagramUIKit" */ = {
			isa = XCConfigurationList;
			buildConfigurations = (
				07B35D3B2742AD6100F2E615 /* Debug */,
				07B35D3C2742AD6100F2E615 /* Release */,
			);
			defaultConfigurationIsVisible = 0;
			defaultConfigurationName = Release;
		};
/* End XCConfigurationList section */
	};
	rootObject = 07B35D1E2742AD5F00F2E615 /* Project object */;
}
